
Microsoft Visual Studio Solution File, Format Version 12.00
# Visual Studio Version 17
VisualStudioVersion = 17.5.33414.496
MinimumVisualStudioVersion = 10.0.40219.1
Project("{9A19103F-16F7-4668-BE54-9A1E7A4F7556}") = "OnlineTest", "OnlineTest.csproj", "{EE4E6490-EBC9-41B1-929D-B4AFAD9CB835}"
EndProject
Project("{9A19103F-16F7-4668-BE54-9A1E7A4F7556}") = "OnlineTest.Models", "..\OnlineTest.Models\OnlineTest.Models.csproj", "{D94836DA-6008-4CEB-89A0-4796BD4AF058}"
EndProject
Project("{9A19103F-16F7-4668-BE54-9A1E7A4F7556}") = "OnlineTest.Services", "..\OnlineTest.Services\OnlineTest.Services.csproj", "{961477E4-EE67-4117-8FEB-FD5C244048F8}"
EndProject
Global
	GlobalSection(SolutionConfigurationPlatforms) = preSolution
		Debug|Any CPU = Debug|Any CPU
		Release|Any CPU = Release|Any CPU
	EndGlobalSection
	GlobalSection(ProjectConfigurationPlatforms) = postSolution
		{EE4E6490-EBC9-41B1-929D-B4AFAD9CB835}.Debug|Any CPU.ActiveCfg = Debug|Any CPU
		{EE4E6490-EBC9-41B1-929D-B4AFAD9CB835}.Debug|Any CPU.Build.0 = Debug|Any CPU
		{EE4E6490-EBC9-41B1-929D-B4AFAD9CB835}.Release|Any CPU.ActiveCfg = Release|Any CPU
		{EE4E6490-EBC9-41B1-929D-B4AFAD9CB835}.Release|Any CPU.Build.0 = Release|Any CPU
		{D94836DA-6008-4CEB-89A0-4796BD4AF058}.Debug|Any CPU.ActiveCfg = Debug|Any CPU
		{D94836DA-6008-4CEB-89A0-4796BD4AF058}.Debug|Any CPU.Build.0 = Debug|Any CPU
		{D94836DA-6008-4CEB-89A0-4796BD4AF058}.Release|Any CPU.ActiveCfg = Release|Any CPU
		{D94836DA-6008-4CEB-89A0-4796BD4AF058}.Release|Any CPU.Build.0 = Release|Any CPU
		{961477E4-EE67-4117-8FEB-FD5C244048F8}.Debug|Any CPU.ActiveCfg = Debug|Any CPU
		{961477E4-EE67-4117-8FEB-FD5C244048F8}.Debug|Any CPU.Build.0 = Debug|Any CPU
		{961477E4-EE67-4117-8FEB-FD5C244048F8}.Release|Any CPU.ActiveCfg = Release|Any CPU
		{961477E4-EE67-4117-8FEB-FD5C244048F8}.Release|Any CPU.Build.0 = Release|Any CPU
	EndGlobalSection
	GlobalSection(SolutionProperties) = preSolution
		HideSolutionNode = FALSE
	EndGlobalSection
	GlobalSection(ExtensibilityGlobals) = postSolution
		SolutionGuid = {C3D2B8E8-29E1-46C7-A00C-4CAC0398CA90}
	EndGlobalSection
EndGlobal
